
Microsoft Visual Studio Solution File, Format Version 12.00
# Visual Studio 14
VisualStudioVersion = 14.0.25420.1
MinimumVisualStudioVersion = 10.0.40219.1
Project("{FAE04EC0-301F-11D3-BF4B-00C04F79EFBC}") = "Telas", "Telas\telaInicial\Telas.csproj", "{C77DFCBD-E133-4C4E-9313-28390C23C85F}"
EndProject
Project("{FAE04EC0-301F-11D3-BF4B-00C04F79EFBC}") = "Modelo", "Modelo\Modelo.csproj", "{9B1F892D-8ECB-4ADA-8169-467776EF736B}"
EndProject
Project("{FAE04EC0-301F-11D3-BF4B-00C04F79EFBC}") = "Controle", "Controle\Controle.csproj", "{86A87D5F-E593-4EA1-94DA-0170445CB221}"
EndProject
Global
	GlobalSection(SolutionConfigurationPlatforms) = preSolution
		Debug|Any CPU = Debug|Any CPU
		Release|Any CPU = Release|Any CPU
	EndGlobalSection
	GlobalSection(ProjectConfigurationPlatforms) = postSolution
		{C77DFCBD-E133-4C4E-9313-28390C23C85F}.Debug|Any CPU.ActiveCfg = Debug|Any CPU
		{C77DFCBD-E133-4C4E-9313-28390C23C85F}.Debug|Any CPU.Build.0 = Debug|Any CPU
		{C77DFCBD-E133-4C4E-9313-28390C23C85F}.Release|Any CPU.ActiveCfg = Release|Any CPU
		{C77DFCBD-E133-4C4E-9313-28390C23C85F}.Release|Any CPU.Build.0 = Release|Any CPU
		{9B1F892D-8ECB-4ADA-8169-467776EF736B}.Debug|Any CPU.ActiveCfg = Debug|Any CPU
		{9B1F892D-8ECB-4ADA-8169-467776EF736B}.Debug|Any CPU.Build.0 = Debug|Any CPU
		{9B1F892D-8ECB-4ADA-8169-467776EF736B}.Release|Any CPU.ActiveCfg = Release|Any CPU
		{9B1F892D-8ECB-4ADA-8169-467776EF736B}.Release|Any CPU.Build.0 = Release|Any CPU
		{86A87D5F-E593-4EA1-94DA-0170445CB221}.Debug|Any CPU.ActiveCfg = Debug|Any CPU
		{86A87D5F-E593-4EA1-94DA-0170445CB221}.Debug|Any CPU.Build.0 = Debug|Any CPU
		{86A87D5F-E593-4EA1-94DA-0170445CB221}.Release|Any CPU.ActiveCfg = Release|Any CPU
		{86A87D5F-E593-4EA1-94DA-0170445CB221}.Release|Any CPU.Build.0 = Release|Any CPU
	EndGlobalSection
	GlobalSection(SolutionProperties) = preSolution
		HideSolutionNode = FALSE
	EndGlobalSection
EndGlobal
